// !$*UTF8*$!
{
	archiveVersion = 1;
	classes = {
	};
	objectVersion = 56;
	objects = {

/* Begin PBXBuildFile section */
		04F3944E2B31EBB600B93420 /* Memorize_gameApp.swift in Sources */ = {isa = PBXBuildFile; fileRef = 04F3944D2B31EBB600B93420 /* Memorize_gameApp.swift */; };
		04F394502B31EBB600B93420 /* ContentView.swift in Sources */ = {isa = PBXBuildFile; fileRef = 04F3944F2B31EBB600B93420 /* ContentView.swift */; };
		04F394522B31EBB800B93420 /* Assets.xcassets in Resources */ = {isa = PBXBuildFile; fileRef = 04F394512B31EBB800B93420 /* Assets.xcassets */; };
		04F394552B31EBB800B93420 /* Preview Assets.xcassets in Resources */ = {isa = PBXBuildFile; fileRef = 04F394542B31EBB800B93420 /* Preview Assets.xcassets */; };
		04F3945F2B31EBB900B93420 /* Memorize_gameTests.swift in Sources */ = {isa = PBXBuildFile; fileRef = 04F3945E2B31EBB900B93420 /* Memorize_gameTests.swift */; };
		04F394692B31EBB900B93420 /* Memorize_gameUITests.swift in Sources */ = {isa = PBXBuildFile; fileRef = 04F394682B31EBB900B93420 /* Memorize_gameUITests.swift */; };
		04F3946B2B31EBB900B93420 /* Memorize_gameUITestsLaunchTests.swift in Sources */ = {isa = PBXBuildFile; fileRef = 04F3946A2B31EBB900B93420 /* Memorize_gameUITestsLaunchTests.swift */; };
/* End PBXBuildFile section */

/* Begin PBXContainerItemProxy section */
		04F3945B2B31EBB900B93420 /* PBXContainerItemProxy */ = {
			isa = PBXContainerItemProxy;
			containerPortal = 04F394422B31EBB600B93420 /* Project object */;
			proxyType = 1;
			remoteGlobalIDString = 04F394492B31EBB600B93420;
			remoteInfo = Memorize_game;
		};
		04F394652B31EBB900B93420 /* PBXContainerItemProxy */ = {
			isa = PBXContainerItemProxy;
			containerPortal = 04F394422B31EBB600B93420 /* Project object */;
			proxyType = 1;
			remoteGlobalIDString = 04F394492B31EBB600B93420;
			remoteInfo = Memorize_game;
		};
/* End PBXContainerItemProxy section */

/* Begin PBXFileReference section */
		04F3944A2B31EBB600B93420 /* Memorize_game.app */ = {isa = PBXFileReference; explicitFileType = wrapper.application; includeInIndex = 0; path = Memorize_game.app; sourceTree = BUILT_PRODUCTS_DIR; };
		04F3944D2B31EBB600B93420 /* Memorize_gameApp.swift */ = {isa = PBXFileReference; lastKnownFileType = sourcecode.swift; path = Memorize_gameApp.swift; sourceTree = "<group>"; };
		04F3944F2B31EBB600B93420 /* ContentView.swift */ = {isa = PBXFileReference; lastKnownFileType = sourcecode.swift; path = ContentView.swift; sourceTree = "<group>"; };
		04F394512B31EBB800B93420 /* Assets.xcassets */ = {isa = PBXFileReference; lastKnownFileType = folder.assetcatalog; path = Assets.xcassets; sourceTree = "<group>"; };
		04F394542B31EBB800B93420 /* Preview Assets.xcassets */ = {isa = PBXFileReference; lastKnownFileType = folder.assetcatalog; path = "Preview Assets.xcassets"; sourceTree = "<group>"; };
		04F3945A2B31EBB900B93420 /* Memorize_gameTests.xctest */ = {isa = PBXFileReference; explicitFileType = wrapper.cfbundle; includeInIndex = 0; path = Memorize_gameTests.xctest; sourceTree = BUILT_PRODUCTS_DIR; };
		04F3945E2B31EBB900B93420 /* Memorize_gameTests.swift */ = {isa = PBXFileReference; lastKnownFileType = sourcecode.swift; path = Memorize_gameTests.swift; sourceTree = "<group>"; };
		04F394642B31EBB900B93420 /* Memorize_gameUITests.xctest */ = {isa = PBXFileReference; explicitFileType = wrapper.cfbundle; includeInIndex = 0; path = Memorize_gameUITests.xctest; sourceTree = BUILT_PRODUCTS_DIR; };
		04F394682B31EBB900B93420 /* Memorize_gameUITests.swift */ = {isa = PBXFileReference; lastKnownFileType = sourcecode.swift; path = Memorize_gameUITests.swift; sourceTree = "<group>"; };
		04F3946A2B31EBB900B93420 /* Memorize_gameUITestsLaunchTests.swift */ = {isa = PBXFileReference; lastKnownFileType = sourcecode.swift; path = Memorize_gameUITestsLaunchTests.swift; sourceTree = "<group>"; };
/* End PBXFileReference section */

/* Begin PBXFrameworksBuildPhase section */
		04F394472B31EBB600B93420 /* Frameworks */ = {
			isa = PBXFrameworksBuildPhase;
			buildActionMask = 2147483647;
			files = (
			);
			runOnlyForDeploymentPostprocessing = 0;
		};
		04F394572B31EBB900B93420 /* Frameworks */ = {
			isa = PBXFrameworksBuildPhase;
			buildActionMask = 2147483647;
			files = (
			);
			runOnlyForDeploymentPostprocessing = 0;
		};
		04F394612B31EBB900B93420 /* Frameworks */ = {
			isa = PBXFrameworksBuildPhase;
			buildActionMask = 2147483647;
			files = (
			);
			runOnlyForDeploymentPostprocessing = 0;
		};
/* End PBXFrameworksBuildPhase section */

/* Begin PBXGroup section */
		04F394412B31EBB600B93420 = {
			isa = PBXGroup;
			children = (
				04F3944C2B31EBB600B93420 /* Memorize_game */,
				04F3945D2B31EBB900B93420 /* Memorize_gameTests */,
				04F394672B31EBB900B93420 /* Memorize_gameUITests */,
				04F3944B2B31EBB600B93420 /* Products */,
			);
			sourceTree = "<group>";
		};
		04F3944B2B31EBB600B93420 /* Products */ = {
			isa = PBXGroup;
			children = (
				04F3944A2B31EBB600B93420 /* Memorize_game.app */,
				04F3945A2B31EBB900B93420 /* Memorize_gameTests.xctest */,
				04F394642B31EBB900B93420 /* Memorize_gameUITests.xctest */,
			);
			name = Products;
			sourceTree = "<group>";
		};
		04F3944C2B31EBB600B93420 /* Memorize_game */ = {
			isa = PBXGroup;
			children = (
				04F3944D2B31EBB600B93420 /* Memorize_gameApp.swift */,
				04F3944F2B31EBB600B93420 /* ContentView.swift */,
				04F394512B31EBB800B93420 /* Assets.xcassets */,
				04F394532B31EBB800B93420 /* Preview Content */,
			);
			path = Memorize_game;
			sourceTree = "<group>";
		};
		04F394532B31EBB800B93420 /* Preview Content */ = {
			isa = PBXGroup;
			children = (
				04F394542B31EBB800B93420 /* Preview Assets.xcassets */,
			);
			path = "Preview Content";
			sourceTree = "<group>";
		};
		04F3945D2B31EBB900B93420 /* Memorize_gameTests */ = {
			isa = PBXGroup;
			children = (
				04F3945E2B31EBB900B93420 /* Memorize_gameTests.swift */,
			);
			path = Memorize_gameTests;
			sourceTree = "<group>";
		};
		04F394672B31EBB900B93420 /* Memorize_gameUITests */ = {
			isa = PBXGroup;
			children = (
				04F394682B31EBB900B93420 /* Memorize_gameUITests.swift */,
				04F3946A2B31EBB900B93420 /* Memorize_gameUITestsLaunchTests.swift */,
			);
			path = Memorize_gameUITests;
			sourceTree = "<group>";
		};
/* End PBXGroup section */

/* Begin PBXNativeTarget section */
		04F394492B31EBB600B93420 /* Memorize_game */ = {
			isa = PBXNativeTarget;
			buildConfigurationList = 04F3946E2B31EBB900B93420 /* Build configuration list for PBXNativeTarget "Memorize_game" */;
			buildPhases = (
				04F394462B31EBB600B93420 /* Sources */,
				04F394472B31EBB600B93420 /* Frameworks */,
				04F394482B31EBB600B93420 /* Resources */,
			);
			buildRules = (
			);
			dependencies = (
			);
			name = Memorize_game;
			productName = Memorize_game;
			productReference = 04F3944A2B31EBB600B93420 /* Memorize_game.app */;
			productType = "com.apple.product-type.application";
		};
		04F394592B31EBB900B93420 /* Memorize_gameTests */ = {
			isa = PBXNativeTarget;
			buildConfigurationList = 04F394712B31EBB900B93420 /* Build configuration list for PBXNativeTarget "Memorize_gameTests" */;
			buildPhases = (
				04F394562B31EBB900B93420 /* Sources */,
				04F394572B31EBB900B93420 /* Frameworks */,
				04F394582B31EBB900B93420 /* Resources */,
			);
			buildRules = (
			);
			dependencies = (
				04F3945C2B31EBB900B93420 /* PBXTargetDependency */,
			);
			name = Memorize_gameTests;
			productName = Memorize_gameTests;
			productReference = 04F3945A2B31EBB900B93420 /* Memorize_gameTests.xctest */;
			productType = "com.apple.product-type.bundle.unit-test";
		};
		04F394632B31EBB900B93420 /* Memorize_gameUITests */ = {
			isa = PBXNativeTarget;
			buildConfigurationList = 04F394742B31EBB900B93420 /* Build configuration list for PBXNativeTarget "Memorize_gameUITests" */;
			buildPhases = (
				04F394602B31EBB900B93420 /* Sources */,
				04F394612B31EBB900B93420 /* Frameworks */,
				04F394622B31EBB900B93420 /* Resources */,
			);
			buildRules = (
			);
			dependencies = (
				04F394662B31EBB900B93420 /* PBXTargetDependency */,
			);
			name = Memorize_gameUITests;
			productName = Memorize_gameUITests;
			productReference = 04F394642B31EBB900B93420 /* Memorize_gameUITests.xctest */;
			productType = "com.apple.product-type.bundle.ui-testing";
		};
/* End PBXNativeTarget section */

/* Begin PBXProject section */
		04F394422B31EBB600B93420 /* Project object */ = {
			isa = PBXProject;
			attributes = {
				BuildIndependentTargetsInParallel = 1;
				LastSwiftUpdateCheck = 1510;
				LastUpgradeCheck = 1510;
				TargetAttributes = {
					04F394492B31EBB600B93420 = {
						CreatedOnToolsVersion = 15.1;
					};
					04F394592B31EBB900B93420 = {
						CreatedOnToolsVersion = 15.1;
						TestTargetID = 04F394492B31EBB600B93420;
					};
					04F394632B31EBB900B93420 = {
						CreatedOnToolsVersion = 15.1;
						TestTargetID = 04F394492B31EBB600B93420;
					};
				};
			};
			buildConfigurationList = 04F394452B31EBB600B93420 /* Build configuration list for PBXProject "Memorize_game" */;
			compatibilityVersion = "Xcode 14.0";
			developmentRegion = en;
			hasScannedForEncodings = 0;
			knownRegions = (
				en,
				Base,
			);
			mainGroup = 04F394412B31EBB600B93420;
			productRefGroup = 04F3944B2B31EBB600B93420 /* Products */;
			projectDirPath = "";
			projectRoot = "";
			targets = (
				04F394492B31EBB600B93420 /* Memorize_game */,
				04F394592B31EBB900B93420 /* Memorize_gameTests */,
				04F394632B31EBB900B93420 /* Memorize_gameUITests */,
			);
		};
/* End PBXProject section */

/* Begin PBXResourcesBuildPhase section */
		04F394482B31EBB600B93420 /* Resources */ = {
			isa = PBXResourcesBuildPhase;
			buildActionMask = 2147483647;
			files = (
				04F394552B31EBB800B93420 /* Preview Assets.xcassets in Resources */,
				04F394522B31EBB800B93420 /* Assets.xcassets in Resources */,
			);
			runOnlyForDeploymentPostprocessing = 0;
		};
		04F394582B31EBB900B93420 /* Resources */ = {
			isa = PBXResourcesBuildPhase;
			buildActionMask = 2147483647;
			files = (
			);
			runOnlyForDeploymentPostprocessing = 0;
		};
		04F394622B31EBB900B93420 /* Resources */ = {
			isa = PBXResourcesBuildPhase;
			buildActionMask = 2147483647;
			files = (
			);
			runOnlyForDeploymentPostprocessing = 0;
		};
/* End PBXResourcesBuildPhase section */

/* Begin PBXSourcesBuildPhase section */
		04F394462B31EBB600B93420 /* Sources */ = {
			isa = PBXSourcesBuildPhase;
			buildActionMask = 2147483647;
			files = (
				04F394502B31EBB600B93420 /* ContentView.swift in Sources */,
				04F3944E2B31EBB600B93420 /* Memorize_gameApp.swift in Sources */,
			);
			runOnlyForDeploymentPostprocessing = 0;
		};
		04F394562B31EBB900B93420 /* Sources */ = {
			isa = PBXSourcesBuildPhase;
			buildActionMask = 2147483647;
			files = (
				04F3945F2B31EBB900B93420 /* Memorize_gameTests.swift in Sources */,
			);
			runOnlyForDeploymentPostprocessing = 0;
		};
		04F394602B31EBB900B93420 /* Sources */ = {
			isa = PBXSourcesBuildPhase;
			buildActionMask = 2147483647;
			files = (
				04F3946B2B31EBB900B93420 /* Memorize_gameUITestsLaunchTests.swift in Sources */,
				04F394692B31EBB900B93420 /* Memorize_gameUITests.swift in Sources */,
			);
			runOnlyForDeploymentPostprocessing = 0;
		};
/* End PBXSourcesBuildPhase section */

/* Begin PBXTargetDependency section */
		04F3945C2B31EBB900B93420 /* PBXTargetDependency */ = {
			isa = PBXTargetDependency;
			target = 04F394492B31EBB600B93420 /* Memorize_game */;
			targetProxy = 04F3945B2B31EBB900B93420 /* PBXContainerItemProxy */;
		};
		04F394662B31EBB900B93420 /* PBXTargetDependency */ = {
			isa = PBXTargetDependency;
			target = 04F394492B31EBB600B93420 /* Memorize_game */;
			targetProxy = 04F394652B31EBB900B93420 /* PBXContainerItemProxy */;
		};
/* End PBXTargetDependency section */

/* Begin XCBuildConfiguration section */
		04F3946C2B31EBB900B93420 /* Debug */ = {
			isa = XCBuildConfiguration;
			buildSettings = {
				ALWAYS_SEARCH_USER_PATHS = NO;
				ASSETCATALOG_COMPILER_GENERATE_SWIFT_ASSET_SYMBOL_EXTENSIONS = YES;
				CLANG_ANALYZER_NONNULL = YES;
				CLANG_ANALYZER_NUMBER_OBJECT_CONVERSION = YES_AGGRESSIVE;
				CLANG_CXX_LANGUAGE_STANDARD = "gnu++20";
				CLANG_ENABLE_MODULES = YES;
				CLANG_ENABLE_OBJC_ARC = YES;
				CLANG_ENABLE_OBJC_WEAK = YES;
				CLANG_WARN_BLOCK_CAPTURE_AUTORELEASING = YES;
				CLANG_WARN_BOOL_CONVERSION = YES;
				CLANG_WARN_COMMA = YES;
				CLANG_WARN_CONSTANT_CONVERSION = YES;
				CLANG_WARN_DEPRECATED_OBJC_IMPLEMENTATIONS = YES;
				CLANG_WARN_DIRECT_OBJC_ISA_USAGE = YES_ERROR;
				CLANG_WARN_DOCUMENTATION_COMMENTS = YES;
				CLANG_WARN_EMPTY_BODY = YES;
				CLANG_WARN_ENUM_CONVERSION = YES;
				CLANG_WARN_INFINITE_RECURSION = YES;
				CLANG_WARN_INT_CONVERSION = YES;
				CLANG_WARN_NON_LITERAL_NULL_CONVERSION = YES;
				CLANG_WARN_OBJC_IMPLICIT_RETAIN_SELF = YES;
				CLANG_WARN_OBJC_LITERAL_CONVERSION = YES;
				CLANG_WARN_OBJC_ROOT_CLASS = YES_ERROR;
				CLANG_WARN_QUOTED_INCLUDE_IN_FRAMEWORK_HEADER = YES;
				CLANG_WARN_RANGE_LOOP_ANALYSIS = YES;
				CLANG_WARN_STRICT_PROTOTYPES = YES;
				CLANG_WARN_SUSPICIOUS_MOVE = YES;
				CLANG_WARN_UNGUARDED_AVAILABILITY = YES_AGGRESSIVE;
				CLANG_WARN_UNREACHABLE_CODE = YES;
				CLANG_WARN__DUPLICATE_METHOD_MATCH = YES;
				COPY_PHASE_STRIP = NO;
				DEBUG_INFORMATION_FORMAT = dwarf;
				ENABLE_STRICT_OBJC_MSGSEND = YES;
				ENABLE_TESTABILITY = YES;
				ENABLE_USER_SCRIPT_SANDBOXING = YES;
				GCC_C_LANGUAGE_STANDARD = gnu17;
				GCC_DYNAMIC_NO_PIC = NO;
				GCC_NO_COMMON_BLOCKS = YES;
				GCC_OPTIMIZATION_LEVEL = 0;
				GCC_PREPROCESSOR_DEFINITIONS = (
					"DEBUG=1",
					"$(inherited)",
				);
				GCC_WARN_64_TO_32_BIT_CONVERSION = YES;
				GCC_WARN_ABOUT_RETURN_TYPE = YES_ERROR;
				GCC_WARN_UNDECLARED_SELECTOR = YES;
				GCC_WARN_UNINITIALIZED_AUTOS = YES_AGGRESSIVE;
				GCC_WARN_UNUSED_FUNCTION = YES;
				GCC_WARN_UNUSED_VARIABLE = YES;
				IPHONEOS_DEPLOYMENT_TARGET = 17.2;
				LOCALIZATION_PREFERS_STRING_CATALOGS = YES;
				MTL_ENABLE_DEBUG_INFO = INCLUDE_SOURCE;
				MTL_FAST_MATH = YES;
				ONLY_ACTIVE_ARCH = YES;
				SDKROOT = iphoneos;
				SWIFT_ACTIVE_COMPILATION_CONDITIONS = "DEBUG $(inherited)";
				SWIFT_OPTIMIZATION_LEVEL = "-Onone";
			};
			name = Debug;
		};
		04F3946D2B31EBB900B93420 /* Release */ = {
			isa = XCBuildConfiguration;
			buildSettings = {
				ALWAYS_SEARCH_USER_PATHS = NO;
				ASSETCATALOG_COMPILER_GENERATE_SWIFT_ASSET_SYMBOL_EXTENSIONS = YES;
				CLANG_ANALYZER_NONNULL = YES;
				CLANG_ANALYZER_NUMBER_OBJECT_CONVERSION = YES_AGGRESSIVE;
				CLANG_CXX_LANGUAGE_STANDARD = "gnu++20";
				CLANG_ENABLE_MODULES = YES;
				CLANG_ENABLE_OBJC_ARC = YES;
				CLANG_ENABLE_OBJC_WEAK = YES;
				CLANG_WARN_BLOCK_CAPTURE_AUTORELEASING = YES;
				CLANG_WARN_BOOL_CONVERSION = YES;
				CLANG_WARN_COMMA = YES;
				CLANG_WARN_CONSTANT_CONVERSION = YES;
				CLANG_WARN_DEPRECATED_OBJC_IMPLEMENTATIONS = YES;
				CLANG_WARN_DIRECT_OBJC_ISA_USAGE = YES_ERROR;
				CLANG_WARN_DOCUMENTATION_COMMENTS = YES;
				CLANG_WARN_EMPTY_BODY = YES;
				CLANG_WARN_ENUM_CONVERSION = YES;
				CLANG_WARN_INFINITE_RECURSION = YES;
				CLANG_WARN_INT_CONVERSION = YES;
				CLANG_WARN_NON_LITERAL_NULL_CONVERSION = YES;
				CLANG_WARN_OBJC_IMPLICIT_RETAIN_SELF = YES;
				CLANG_WARN_OBJC_LITERAL_CONVERSION = YES;
				CLANG_WARN_OBJC_ROOT_CLASS = YES_ERROR;
				CLANG_WARN_QUOTED_INCLUDE_IN_FRAMEWORK_HEADER = YES;
				CLANG_WARN_RANGE_LOOP_ANALYSIS = YES;
				CLANG_WARN_STRICT_PROTOTYPES = YES;
				CLANG_WARN_SUSPICIOUS_MOVE = YES;
				CLANG_WARN_UNGUARDED_AVAILABILITY = YES_AGGRESSIVE;
				CLANG_WARN_UNREACHABLE_CODE = YES;
				CLANG_WARN__DUPLICATE_METHOD_MATCH = YES;
				COPY_PHASE_STRIP = NO;
				DEBUG_INFORMATION_FORMAT = "dwarf-with-dsym";
				ENABLE_NS_ASSERTIONS = NO;
				ENABLE_STRICT_OBJC_MSGSEND = YES;
				ENABLE_USER_SCRIPT_SANDBOXING = YES;
				GCC_C_LANGUAGE_STANDARD = gnu17;
				GCC_NO_COMMON_BLOCKS = YES;
				GCC_WARN_64_TO_32_BIT_CONVERSION = YES;
				GCC_WARN_ABOUT_RETURN_TYPE = YES_ERROR;
				GCC_WARN_UNDECLARED_SELECTOR = YES;
				GCC_WARN_UNINITIALIZED_AUTOS = YES_AGGRESSIVE;
				GCC_WARN_UNUSED_FUNCTION = YES;
				GCC_WARN_UNUSED_VARIABLE = YES;
				IPHONEOS_DEPLOYMENT_TARGET = 17.2;
				LOCALIZATION_PREFERS_STRING_CATALOGS = YES;
				MTL_ENABLE_DEBUG_INFO = NO;
				MTL_FAST_MATH = YES;
				SDKROOT = iphoneos;
				SWIFT_COMPILATION_MODE = wholemodule;
				VALIDATE_PRODUCT = YES;
			};
			name = Release;
		};
		04F3946F2B31EBB900B93420 /* Debug */ = {
			isa = XCBuildConfiguration;
			buildSettings = {
				ASSETCATALOG_COMPILER_APPICON_NAME = AppIcon;
				ASSETCATALOG_COMPILER_GLOBAL_ACCENT_COLOR_NAME = AccentColor;
				CODE_SIGN_STYLE = Automatic;
				CURRENT_PROJECT_VERSION = 1;
				DEVELOPMENT_ASSET_PATHS = "\"Memorize_game/Preview Content\"";
				DEVELOPMENT_TEAM = B476Y8Z3GZ;
				ENABLE_PREVIEWS = YES;
				GENERATE_INFOPLIST_FILE = YES;
				INFOPLIST_KEY_UIApplicationSceneManifest_Generation = YES;
				INFOPLIST_KEY_UIApplicationSupportsIndirectInputEvents = YES;
				INFOPLIST_KEY_UILaunchScreen_Generation = YES;
				INFOPLIST_KEY_UISupportedInterfaceOrientations_iPad = "UIInterfaceOrientationPortrait UIInterfaceOrientationPortraitUpsideDown UIInterfaceOrientationLandscapeLeft UIInterfaceOrientationLandscapeRight";
				INFOPLIST_KEY_UISupportedInterfaceOrientations_iPhone = "UIInterfaceOrientationPortrait UIInterfaceOrientationLandscapeLeft UIInterfaceOrientationLandscapeRight";
				LD_RUNPATH_SEARCH_PATHS = (
					"$(inherited)",
					"@executable_path/Frameworks",
				);
				MARKETING_VERSION = 1.0;
				PRODUCT_BUNDLE_IDENTIFIER = "com.chenyu.wang.Memorize-game";
				PRODUCT_NAME = "$(TARGET_NAME)";
				SWIFT_EMIT_LOC_STRINGS = YES;
				SWIFT_VERSION = 5.0;
				TARGETED_DEVICE_FAMILY = "1,2";
			};
			name = Debug;
		};
		04F394702B31EBB900B93420 /* Release */ = {
			isa = XCBuildConfiguration;
			buildSettings = {
				ASSETCATALOG_COMPILER_APPICON_NAME = AppIcon;
				ASSETCATALOG_COMPILER_GLOBAL_ACCENT_COLOR_NAME = AccentColor;
				CODE_SIGN_STYLE = Automatic;
				CURRENT_PROJECT_VERSION = 1;
				DEVELOPMENT_ASSET_PATHS = "\"Memorize_game/Preview Content\"";
				DEVELOPMENT_TEAM = B476Y8Z3GZ;
				ENABLE_PREVIEWS = YES;
				GENERATE_INFOPLIST_FILE = YES;
				INFOPLIST_KEY_UIApplicationSceneManifest_Generation = YES;
				INFOPLIST_KEY_UIApplicationSupportsIndirectInputEvents = YES;
				INFOPLIST_KEY_UILaunchScreen_Generation = YES;
				INFOPLIST_KEY_UISupportedInterfaceOrientations_iPad = "UIInterfaceOrientationPortrait UIInterfaceOrientationPortraitUpsideDown UIInterfaceOrientationLandscapeLeft UIInterfaceOrientationLandscapeRight";
				INFOPLIST_KEY_UISupportedInterfaceOrientations_iPhone = "UIInterfaceOrientationPortrait UIInterfaceOrientationLandscapeLeft UIInterfaceOrientationLandscapeRight";
				LD_RUNPATH_SEARCH_PATHS = (
					"$(inherited)",
					"@executable_path/Frameworks",
				);
				MARKETING_VERSION = 1.0;
				PRODUCT_BUNDLE_IDENTIFIER = "com.chenyu.wang.Memorize-game";
				PRODUCT_NAME = "$(TARGET_NAME)";
				SWIFT_EMIT_LOC_STRINGS = YES;
				SWIFT_VERSION = 5.0;
				TARGETED_DEVICE_FAMILY = "1,2";
			};
			name = Release;
		};
		04F394722B31EBB900B93420 /* Debug */ = {
			isa = XCBuildConfiguration;
			buildSettings = {
				ALWAYS_EMBED_SWIFT_STANDARD_LIBRARIES = YES;
				BUNDLE_LOADER = "$(TEST_HOST)";
				CODE_SIGN_STYLE = Automatic;
				CURRENT_PROJECT_VERSION = 1;
				DEVELOPMENT_TEAM = B476Y8Z3GZ;
				GENERATE_INFOPLIST_FILE = YES;
				IPHONEOS_DEPLOYMENT_TARGET = 17.2;
				MARKETING_VERSION = 1.0;
				PRODUCT_BUNDLE_IDENTIFIER = "com.chenyu.wang.Memorize-gameTests";
				PRODUCT_NAME = "$(TARGET_NAME)";
				SWIFT_EMIT_LOC_STRINGS = NO;
				SWIFT_VERSION = 5.0;
				TARGETED_DEVICE_FAMILY = "1,2";
				TEST_HOST = "$(BUILT_PRODUCTS_DIR)/Memorize_game.app/$(BUNDLE_EXECUTABLE_FOLDER_PATH)/Memorize_game";
			};
			name = Debug;
		};
		04F394732B31EBB900B93420 /* Release */ = {
			isa = XCBuildConfiguration;
			buildSettings = {
				ALWAYS_EMBED_SWIFT_STANDARD_LIBRARIES = YES;
				BUNDLE_LOADER = "$(TEST_HOST)";
				CODE_SIGN_STYLE = Automatic;
				CURRENT_PROJECT_VERSION = 1;
				DEVELOPMENT_TEAM = B476Y8Z3GZ;
				GENERATE_INFOPLIST_FILE = YES;
				IPHONEOS_DEPLOYMENT_TARGET = 17.2;
				MARKETING_VERSION = 1.0;
				PRODUCT_BUNDLE_IDENTIFIER = "com.chenyu.wang.Memorize-gameTests";
				PRODUCT_NAME = "$(TARGET_NAME)";
				SWIFT_EMIT_LOC_STRINGS = NO;
				SWIFT_VERSION = 5.0;
				TARGETED_DEVICE_FAMILY = "1,2";
				TEST_HOST = "$(BUILT_PRODUCTS_DIR)/Memorize_game.app/$(BUNDLE_EXECUTABLE_FOLDER_PATH)/Memorize_game";
			};
			name = Release;
		};
		04F394752B31EBB900B93420 /* Debug */ = {
			isa = XCBuildConfiguration;
			buildSettings = {
				ALWAYS_EMBED_SWIFT_STANDARD_LIBRARIES = YES;
				CODE_SIGN_STYLE = Automatic;
				CURRENT_PROJECT_VERSION = 1;
				DEVELOPMENT_TEAM = B476Y8Z3GZ;
				GENERATE_INFOPLIST_FILE = YES;
				MARKETING_VERSION = 1.0;
				PRODUCT_BUNDLE_IDENTIFIER = "com.chenyu.wang.Memorize-gameUITests";
				PRODUCT_NAME = "$(TARGET_NAME)";
				SWIFT_EMIT_LOC_STRINGS = NO;
				SWIFT_VERSION = 5.0;
				TARGETED_DEVICE_FAMILY = "1,2";
				TEST_TARGET_NAME = Memorize_game;
			};
			name = Debug;
		};
		04F394762B31EBB900B93420 /* Release */ = {
			isa = XCBuildConfiguration;
			buildSettings = {
				ALWAYS_EMBED_SWIFT_STANDARD_LIBRARIES = YES;
				CODE_SIGN_STYLE = Automatic;
				CURRENT_PROJECT_VERSION = 1;
				DEVELOPMENT_TEAM = B476Y8Z3GZ;
				GENERATE_INFOPLIST_FILE = YES;
				MARKETING_VERSION = 1.0;
				PRODUCT_BUNDLE_IDENTIFIER = "com.chenyu.wang.Memorize-gameUITests";
				PRODUCT_NAME = "$(TARGET_NAME)";
				SWIFT_EMIT_LOC_STRINGS = NO;
				SWIFT_VERSION = 5.0;
				TARGETED_DEVICE_FAMILY = "1,2";
				TEST_TARGET_NAME = Memorize_game;
			};
			name = Release;
		};
/* End XCBuildConfiguration section */

/* Begin XCConfigurationList section */
		04F394452B31EBB600B93420 /* Build configuration list for PBXProject "Memorize_game" */ = {
			isa = XCConfigurationList;
			buildConfigurations = (
				04F3946C2B31EBB900B93420 /* Debug */,
				04F3946D2B31EBB900B93420 /* Release */,
			);
			defaultConfigurationIsVisible = 0;
			defaultConfigurationName = Release;
		};
		04F3946E2B31EBB900B93420 /* Build configuration list for PBXNativeTarget "Memorize_game" */ = {
			isa = XCConfigurationList;
			buildConfigurations = (
				04F3946F2B31EBB900B93420 /* Debug */,
				04F394702B31EBB900B93420 /* Release */,
			);
			defaultConfigurationIsVisible = 0;
			defaultConfigurationName = Release;
		};
		04F394712B31EBB900B93420 /* Build configuration list for PBXNativeTarget "Memorize_gameTests" */ = {
			isa = XCConfigurationList;
			buildConfigurations = (
				04F394722B31EBB900B93420 /* Debug */,
				04F394732B31EBB900B93420 /* Release */,
			);
			defaultConfigurationIsVisible = 0;
			defaultConfigurationName = Release;
		};
		04F394742B31EBB900B93420 /* Build configuration list for PBXNativeTarget "Memorize_gameUITests" */ = {
			isa = XCConfigurationList;
			buildConfigurations = (
				04F394752B31EBB900B93420 /* Debug */,
				04F394762B31EBB900B93420 /* Release */,
			);
			defaultConfigurationIsVisible = 0;
			defaultConfigurationName = Release;
		};
/* End XCConfigurationList section */
	};
	rootObject = 04F394422B31EBB600B93420 /* Project object */;
}
